
Microsoft Visual Studio Solution File, Format Version 12.00
# Visual Studio 15
VisualStudioVersion = 15.0.28010.2036
MinimumVisualStudioVersion = 10.0.40219.1
Project("{888888A0-9F3D-457C-B088-3A5042F75D52}") = "SummaryAndKeywordsQuasiref", "SummaryAndKeywordsQuasiref\SummaryAndKeywordsQuasiref.pyproj", "{943457C4-2A5B-4087-A655-033EE9FE8BF2}"
EndProject
Global
	GlobalSection(SolutionConfigurationPlatforms) = preSolution
		Debug|Any CPU = Debug|Any CPU
		Release|Any CPU = Release|Any CPU
	EndGlobalSection
	GlobalSection(ProjectConfigurationPlatforms) = postSolution
		{943457C4-2A5B-4087-A655-033EE9FE8BF2}.Debug|Any CPU.ActiveCfg = Debug|Any CPU
		{943457C4-2A5B-4087-A655-033EE9FE8BF2}.Release|Any CPU.ActiveCfg = Release|Any CPU
	EndGlobalSection
	GlobalSection(SolutionProperties) = preSolution
		HideSolutionNode = FALSE
	EndGlobalSection
	GlobalSection(ExtensibilityGlobals) = postSolution
		SolutionGuid = {F72D9541-9B1D-4266-8805-DD25C2316280}
	EndGlobalSection
EndGlobal
